
Microsoft Visual Studio Solution File, Format Version 12.00
# Visual Studio Version 17
VisualStudioVersion = 17.4.33122.133
MinimumVisualStudioVersion = 10.0.40219.1
Project("{FAE04EC0-301F-11D3-BF4B-00C04F79EFBC}") = "01_15_solution", "01_15_solution\01_15_solution.csproj", "{0AAAB9DB-CB65-4D1A-B03E-7E954C3EF2E2}"
EndProject
Global
	GlobalSection(SolutionConfigurationPlatforms) = preSolution
		Debug|Any CPU = Debug|Any CPU
		Release|Any CPU = Release|Any CPU
	EndGlobalSection
	GlobalSection(ProjectConfigurationPlatforms) = postSolution
		{0AAAB9DB-CB65-4D1A-B03E-7E954C3EF2E2}.Debug|Any CPU.ActiveCfg = Debug|Any CPU
		{0AAAB9DB-CB65-4D1A-B03E-7E954C3EF2E2}.Debug|Any CPU.Build.0 = Debug|Any CPU
		{0AAAB9DB-CB65-4D1A-B03E-7E954C3EF2E2}.Release|Any CPU.ActiveCfg = Release|Any CPU
		{0AAAB9DB-CB65-4D1A-B03E-7E954C3EF2E2}.Release|Any CPU.Build.0 = Release|Any CPU
	EndGlobalSection
	GlobalSection(SolutionProperties) = preSolution
		HideSolutionNode = FALSE
	EndGlobalSection
	GlobalSection(ExtensibilityGlobals) = postSolution
		SolutionGuid = {6357055C-E3DD-4349-A29D-032027C4F0DF}
	EndGlobalSection
EndGlobal
