
Microsoft Visual Studio Solution File, Format Version 12.00
# Visual Studio Version 17
VisualStudioVersion = 17.4.33122.133
MinimumVisualStudioVersion = 10.0.40219.1
Project("{FAE04EC0-301F-11D3-BF4B-00C04F79EFBC}") = "01_12_solution", "01_12_solution\01_12_solution.csproj", "{33FFD55E-5EE5-4D51-AF2C-A56453BC1C33}"
EndProject
Global
	GlobalSection(SolutionConfigurationPlatforms) = preSolution
		Debug|Any CPU = Debug|Any CPU
		Release|Any CPU = Release|Any CPU
	EndGlobalSection
	GlobalSection(ProjectConfigurationPlatforms) = postSolution
		{33FFD55E-5EE5-4D51-AF2C-A56453BC1C33}.Debug|Any CPU.ActiveCfg = Debug|Any CPU
		{33FFD55E-5EE5-4D51-AF2C-A56453BC1C33}.Debug|Any CPU.Build.0 = Debug|Any CPU
		{33FFD55E-5EE5-4D51-AF2C-A56453BC1C33}.Release|Any CPU.ActiveCfg = Release|Any CPU
		{33FFD55E-5EE5-4D51-AF2C-A56453BC1C33}.Release|Any CPU.Build.0 = Release|Any CPU
	EndGlobalSection
	GlobalSection(SolutionProperties) = preSolution
		HideSolutionNode = FALSE
	EndGlobalSection
	GlobalSection(ExtensibilityGlobals) = postSolution
		SolutionGuid = {9847DD2A-06E7-461A-BB60-A852F45F0252}
	EndGlobalSection
EndGlobal
