
Microsoft Visual Studio Solution File, Format Version 12.00
# Visual Studio Version 17
VisualStudioVersion = 17.4.33122.133
MinimumVisualStudioVersion = 10.0.40219.1
Project("{FAE04EC0-301F-11D3-BF4B-00C04F79EFBC}") = "01_08", "01_08\01_08.csproj", "{73CD8256-0ADD-4D6B-9AAB-F718A95CE76B}"
EndProject
Global
	GlobalSection(SolutionConfigurationPlatforms) = preSolution
		Debug|Any CPU = Debug|Any CPU
		Release|Any CPU = Release|Any CPU
	EndGlobalSection
	GlobalSection(ProjectConfigurationPlatforms) = postSolution
		{73CD8256-0ADD-4D6B-9AAB-F718A95CE76B}.Debug|Any CPU.ActiveCfg = Debug|Any CPU
		{73CD8256-0ADD-4D6B-9AAB-F718A95CE76B}.Debug|Any CPU.Build.0 = Debug|Any CPU
		{73CD8256-0ADD-4D6B-9AAB-F718A95CE76B}.Release|Any CPU.ActiveCfg = Release|Any CPU
		{73CD8256-0ADD-4D6B-9AAB-F718A95CE76B}.Release|Any CPU.Build.0 = Release|Any CPU
	EndGlobalSection
	GlobalSection(SolutionProperties) = preSolution
		HideSolutionNode = FALSE
	EndGlobalSection
	GlobalSection(ExtensibilityGlobals) = postSolution
		SolutionGuid = {1F1BDD71-2012-426A-A53C-72E677790E45}
	EndGlobalSection
EndGlobal
