
Microsoft Visual Studio Solution File, Format Version 12.00
# Visual Studio Version 17
VisualStudioVersion = 17.4.33122.133
MinimumVisualStudioVersion = 10.0.40219.1
Project("{FAE04EC0-301F-11D3-BF4B-00C04F79EFBC}") = "01_10_solution", "01_10_solution\01_10_solution.csproj", "{B66FE81E-8B00-414A-B589-728EFBECD0A6}"
EndProject
Global
	GlobalSection(SolutionConfigurationPlatforms) = preSolution
		Debug|Any CPU = Debug|Any CPU
		Release|Any CPU = Release|Any CPU
	EndGlobalSection
	GlobalSection(ProjectConfigurationPlatforms) = postSolution
		{B66FE81E-8B00-414A-B589-728EFBECD0A6}.Debug|Any CPU.ActiveCfg = Debug|Any CPU
		{B66FE81E-8B00-414A-B589-728EFBECD0A6}.Debug|Any CPU.Build.0 = Debug|Any CPU
		{B66FE81E-8B00-414A-B589-728EFBECD0A6}.Release|Any CPU.ActiveCfg = Release|Any CPU
		{B66FE81E-8B00-414A-B589-728EFBECD0A6}.Release|Any CPU.Build.0 = Release|Any CPU
	EndGlobalSection
	GlobalSection(SolutionProperties) = preSolution
		HideSolutionNode = FALSE
	EndGlobalSection
	GlobalSection(ExtensibilityGlobals) = postSolution
		SolutionGuid = {6A4A2EAD-9F07-47B6-B442-271B928973D7}
	EndGlobalSection
EndGlobal
