
Microsoft Visual Studio Solution File, Format Version 12.00
# Visual Studio Version 17
VisualStudioVersion = 17.4.33122.133
MinimumVisualStudioVersion = 10.0.40219.1
Project("{FAE04EC0-301F-11D3-BF4B-00C04F79EFBC}") = "01_07", "01_07\01_07.csproj", "{81D8A060-E422-4F4A-B74C-7A6ACA0096BE}"
EndProject
Global
	GlobalSection(SolutionConfigurationPlatforms) = preSolution
		Debug|Any CPU = Debug|Any CPU
		Release|Any CPU = Release|Any CPU
	EndGlobalSection
	GlobalSection(ProjectConfigurationPlatforms) = postSolution
		{81D8A060-E422-4F4A-B74C-7A6ACA0096BE}.Debug|Any CPU.ActiveCfg = Debug|Any CPU
		{81D8A060-E422-4F4A-B74C-7A6ACA0096BE}.Debug|Any CPU.Build.0 = Debug|Any CPU
		{81D8A060-E422-4F4A-B74C-7A6ACA0096BE}.Release|Any CPU.ActiveCfg = Release|Any CPU
		{81D8A060-E422-4F4A-B74C-7A6ACA0096BE}.Release|Any CPU.Build.0 = Release|Any CPU
	EndGlobalSection
	GlobalSection(SolutionProperties) = preSolution
		HideSolutionNode = FALSE
	EndGlobalSection
	GlobalSection(ExtensibilityGlobals) = postSolution
		SolutionGuid = {B68EF5B5-D380-48B9-9C57-57264E648E79}
	EndGlobalSection
EndGlobal
