
Microsoft Visual Studio Solution File, Format Version 12.00
# Visual Studio Version 17
VisualStudioVersion = 17.4.33122.133
MinimumVisualStudioVersion = 10.0.40219.1
Project("{FAE04EC0-301F-11D3-BF4B-00C04F79EFBC}") = "01_01_Solution", "01_01_Solution\01_01_Solution.csproj", "{151F07BD-9403-48ED-BB86-1FDC252FF1E0}"
EndProject
Global
	GlobalSection(SolutionConfigurationPlatforms) = preSolution
		Debug|Any CPU = Debug|Any CPU
		Release|Any CPU = Release|Any CPU
	EndGlobalSection
	GlobalSection(ProjectConfigurationPlatforms) = postSolution
		{151F07BD-9403-48ED-BB86-1FDC252FF1E0}.Debug|Any CPU.ActiveCfg = Debug|Any CPU
		{151F07BD-9403-48ED-BB86-1FDC252FF1E0}.Debug|Any CPU.Build.0 = Debug|Any CPU
		{151F07BD-9403-48ED-BB86-1FDC252FF1E0}.Release|Any CPU.ActiveCfg = Release|Any CPU
		{151F07BD-9403-48ED-BB86-1FDC252FF1E0}.Release|Any CPU.Build.0 = Release|Any CPU
	EndGlobalSection
	GlobalSection(SolutionProperties) = preSolution
		HideSolutionNode = FALSE
	EndGlobalSection
	GlobalSection(ExtensibilityGlobals) = postSolution
		SolutionGuid = {9EAF57EB-B3C6-4781-BB71-F76A4186C86D}
	EndGlobalSection
EndGlobal
