
Microsoft Visual Studio Solution File, Format Version 12.00
# Visual Studio Version 17
VisualStudioVersion = 17.4.33122.133
MinimumVisualStudioVersion = 10.0.40219.1
Project("{FAE04EC0-301F-11D3-BF4B-00C04F79EFBC}") = "01_04", "01_04\01_04.csproj", "{35CB55BE-DBF3-4A59-8B5F-3DE56769F6C3}"
EndProject
Global
	GlobalSection(SolutionConfigurationPlatforms) = preSolution
		Debug|Any CPU = Debug|Any CPU
		Release|Any CPU = Release|Any CPU
	EndGlobalSection
	GlobalSection(ProjectConfigurationPlatforms) = postSolution
		{35CB55BE-DBF3-4A59-8B5F-3DE56769F6C3}.Debug|Any CPU.ActiveCfg = Debug|Any CPU
		{35CB55BE-DBF3-4A59-8B5F-3DE56769F6C3}.Debug|Any CPU.Build.0 = Debug|Any CPU
		{35CB55BE-DBF3-4A59-8B5F-3DE56769F6C3}.Release|Any CPU.ActiveCfg = Release|Any CPU
		{35CB55BE-DBF3-4A59-8B5F-3DE56769F6C3}.Release|Any CPU.Build.0 = Release|Any CPU
	EndGlobalSection
	GlobalSection(SolutionProperties) = preSolution
		HideSolutionNode = FALSE
	EndGlobalSection
	GlobalSection(ExtensibilityGlobals) = postSolution
		SolutionGuid = {A4393401-036C-4FF8-A939-89B766659043}
	EndGlobalSection
EndGlobal
