
Microsoft Visual Studio Solution File, Format Version 12.00
# Visual Studio Version 17
VisualStudioVersion = 17.4.33122.133
MinimumVisualStudioVersion = 10.0.40219.1
Project("{FAE04EC0-301F-11D3-BF4B-00C04F79EFBC}") = "01_14", "01_14\01_14.csproj", "{AECE13FF-23CB-4DB4-8F18-4C328D221A0F}"
EndProject
Global
	GlobalSection(SolutionConfigurationPlatforms) = preSolution
		Debug|Any CPU = Debug|Any CPU
		Release|Any CPU = Release|Any CPU
	EndGlobalSection
	GlobalSection(ProjectConfigurationPlatforms) = postSolution
		{AECE13FF-23CB-4DB4-8F18-4C328D221A0F}.Debug|Any CPU.ActiveCfg = Debug|Any CPU
		{AECE13FF-23CB-4DB4-8F18-4C328D221A0F}.Debug|Any CPU.Build.0 = Debug|Any CPU
		{AECE13FF-23CB-4DB4-8F18-4C328D221A0F}.Release|Any CPU.ActiveCfg = Release|Any CPU
		{AECE13FF-23CB-4DB4-8F18-4C328D221A0F}.Release|Any CPU.Build.0 = Release|Any CPU
	EndGlobalSection
	GlobalSection(SolutionProperties) = preSolution
		HideSolutionNode = FALSE
	EndGlobalSection
	GlobalSection(ExtensibilityGlobals) = postSolution
		SolutionGuid = {5D03F8D9-EC62-4B0E-87CF-A781D5A6C012}
	EndGlobalSection
EndGlobal
